
Microsoft Visual Studio Solution File, Format Version 12.00
Project("{FAE04EC0-301F-11D3-BF4B-00C04F79EFBC}") = "devTranslate", "devTranslate.csproj", "{21EB1523-58ED-474D-A24D-AE79AC52F555}"
EndProject
Global
	GlobalSection(SolutionConfigurationPlatforms) = preSolution
		Debug|Any CPU = Debug|Any CPU
		Release|Any CPU = Release|Any CPU
	EndGlobalSection
	GlobalSection(ProjectConfigurationPlatforms) = postSolution
		{21EB1523-58ED-474D-A24D-AE79AC52F555}.Debug|Any CPU.ActiveCfg = Debug|Any CPU
		{21EB1523-58ED-474D-A24D-AE79AC52F555}.Debug|Any CPU.Build.0 = Debug|Any CPU
		{21EB1523-58ED-474D-A24D-AE79AC52F555}.Release|Any CPU.ActiveCfg = Release|Any CPU
		{21EB1523-58ED-474D-A24D-AE79AC52F555}.Release|Any CPU.Build.0 = Release|Any CPU
	EndGlobalSection
EndGlobal
